// !$*UTF8*$!
{
	archiveVersion = 1;
	classes = {
	};
	objectVersion = 55;
	objects = {

/* Begin PBXBuildFile section */
		CEA8818B2DBE22C8E847C7E2 /* Pods_Chatis.framework in Frameworks */ = {isa = PBXBuildFile; fileRef = 08D8C20977E2532A5691BF8B /* Pods_Chatis.framework */; };
		D10CD35B2974217E0092ED02 /* AppDelegate.swift in Sources */ = {isa = PBXBuildFile; fileRef = D10CD35A2974217E0092ED02 /* AppDelegate.swift */; };
		D10CD35D2974217E0092ED02 /* SceneDelegate.swift in Sources */ = {isa = PBXBuildFile; fileRef = D10CD35C2974217E0092ED02 /* SceneDelegate.swift */; };
		D10CD35F2974217E0092ED02 /* ConversationsViewController.swift in Sources */ = {isa = PBXBuildFile; fileRef = D10CD35E2974217E0092ED02 /* ConversationsViewController.swift */; };
		D10CD3622974217E0092ED02 /* Main.storyboard in Resources */ = {isa = PBXBuildFile; fileRef = D10CD3602974217E0092ED02 /* Main.storyboard */; };
		D10CD3642974217F0092ED02 /* Assets.xcassets in Resources */ = {isa = PBXBuildFile; fileRef = D10CD3632974217F0092ED02 /* Assets.xcassets */; };
		D10CD3672974217F0092ED02 /* LaunchScreen.storyboard in Resources */ = {isa = PBXBuildFile; fileRef = D10CD3652974217F0092ED02 /* LaunchScreen.storyboard */; };
		D10CD3772974242A0092ED02 /* LoginViewController.swift in Sources */ = {isa = PBXBuildFile; fileRef = D10CD3762974242A0092ED02 /* LoginViewController.swift */; };
		D10CD379297424430092ED02 /* RegisterViewController.swift in Sources */ = {isa = PBXBuildFile; fileRef = D10CD378297424430092ED02 /* RegisterViewController.swift */; };
		D10CD37B297424660092ED02 /* PhotoViewerViewController.swift in Sources */ = {isa = PBXBuildFile; fileRef = D10CD37A297424660092ED02 /* PhotoViewerViewController.swift */; };
		D10CD37D2974247A0092ED02 /* VideoPlayerViewController.swift in Sources */ = {isa = PBXBuildFile; fileRef = D10CD37C2974247A0092ED02 /* VideoPlayerViewController.swift */; };
		D10CD37F297424A90092ED02 /* NewConversationViewController.swift in Sources */ = {isa = PBXBuildFile; fileRef = D10CD37E297424A90092ED02 /* NewConversationViewController.swift */; };
		D10CD381297424B70092ED02 /* ProfileViewController.swift in Sources */ = {isa = PBXBuildFile; fileRef = D10CD380297424B70092ED02 /* ProfileViewController.swift */; };
		D10CD3842974397D0092ED02 /* Extensions.swift in Sources */ = {isa = PBXBuildFile; fileRef = D10CD3832974397D0092ED02 /* Extensions.swift */; };
		D10CD3862975C0D40092ED02 /* GoogleService-Info.plist in Resources */ = {isa = PBXBuildFile; fileRef = D10CD3852975C0D40092ED02 /* GoogleService-Info.plist */; };
/* End PBXBuildFile section */

/* Begin PBXFileReference section */
		01AC06EE5A7D26D40926E57A /* Pods-Chatis.release.xcconfig */ = {isa = PBXFileReference; includeInIndex = 1; lastKnownFileType = text.xcconfig; name = "Pods-Chatis.release.xcconfig"; path = "Target Support Files/Pods-Chatis/Pods-Chatis.release.xcconfig"; sourceTree = "<group>"; };
		08D8C20977E2532A5691BF8B /* Pods_Chatis.framework */ = {isa = PBXFileReference; explicitFileType = wrapper.framework; includeInIndex = 0; path = Pods_Chatis.framework; sourceTree = BUILT_PRODUCTS_DIR; };
		D10CD3572974217E0092ED02 /* Chatis.app */ = {isa = PBXFileReference; explicitFileType = wrapper.application; includeInIndex = 0; path = Chatis.app; sourceTree = BUILT_PRODUCTS_DIR; };
		D10CD35A2974217E0092ED02 /* AppDelegate.swift */ = {isa = PBXFileReference; lastKnownFileType = sourcecode.swift; path = AppDelegate.swift; sourceTree = "<group>"; };
		D10CD35C2974217E0092ED02 /* SceneDelegate.swift */ = {isa = PBXFileReference; lastKnownFileType = sourcecode.swift; path = SceneDelegate.swift; sourceTree = "<group>"; };
		D10CD35E2974217E0092ED02 /* ConversationsViewController.swift */ = {isa = PBXFileReference; lastKnownFileType = sourcecode.swift; path = ConversationsViewController.swift; sourceTree = "<group>"; };
		D10CD3612974217E0092ED02 /* Base */ = {isa = PBXFileReference; lastKnownFileType = file.storyboard; name = Base; path = Base.lproj/Main.storyboard; sourceTree = "<group>"; };
		D10CD3632974217F0092ED02 /* Assets.xcassets */ = {isa = PBXFileReference; lastKnownFileType = folder.assetcatalog; path = Assets.xcassets; sourceTree = "<group>"; };
		D10CD3662974217F0092ED02 /* Base */ = {isa = PBXFileReference; lastKnownFileType = file.storyboard; name = Base; path = Base.lproj/LaunchScreen.storyboard; sourceTree = "<group>"; };
		D10CD3682974217F0092ED02 /* Info.plist */ = {isa = PBXFileReference; lastKnownFileType = text.plist.xml; path = Info.plist; sourceTree = "<group>"; };
		D10CD3762974242A0092ED02 /* LoginViewController.swift */ = {isa = PBXFileReference; lastKnownFileType = sourcecode.swift; path = LoginViewController.swift; sourceTree = "<group>"; };
		D10CD378297424430092ED02 /* RegisterViewController.swift */ = {isa = PBXFileReference; lastKnownFileType = sourcecode.swift; path = RegisterViewController.swift; sourceTree = "<group>"; };
		D10CD37A297424660092ED02 /* PhotoViewerViewController.swift */ = {isa = PBXFileReference; lastKnownFileType = sourcecode.swift; path = PhotoViewerViewController.swift; sourceTree = "<group>"; };
		D10CD37C2974247A0092ED02 /* VideoPlayerViewController.swift */ = {isa = PBXFileReference; lastKnownFileType = sourcecode.swift; path = VideoPlayerViewController.swift; sourceTree = "<group>"; };
		D10CD37E297424A90092ED02 /* NewConversationViewController.swift */ = {isa = PBXFileReference; lastKnownFileType = sourcecode.swift; path = NewConversationViewController.swift; sourceTree = "<group>"; };
		D10CD380297424B70092ED02 /* ProfileViewController.swift */ = {isa = PBXFileReference; lastKnownFileType = sourcecode.swift; path = ProfileViewController.swift; sourceTree = "<group>"; };
		D10CD3832974397D0092ED02 /* Extensions.swift */ = {isa = PBXFileReference; lastKnownFileType = sourcecode.swift; path = Extensions.swift; sourceTree = "<group>"; };
		D10CD3852975C0D40092ED02 /* GoogleService-Info.plist */ = {isa = PBXFileReference; fileEncoding = 4; lastKnownFileType = text.plist.xml; path = "GoogleService-Info.plist"; sourceTree = "<group>"; };
		D89928916A49AD51E45BFD5E /* Pods-Chatis.debug.xcconfig */ = {isa = PBXFileReference; includeInIndex = 1; lastKnownFileType = text.xcconfig; name = "Pods-Chatis.debug.xcconfig"; path = "Target Support Files/Pods-Chatis/Pods-Chatis.debug.xcconfig"; sourceTree = "<group>"; };
/* End PBXFileReference section */

/* Begin PBXFrameworksBuildPhase section */
		D10CD3542974217E0092ED02 /* Frameworks */ = {
			isa = PBXFrameworksBuildPhase;
			buildActionMask = 2147483647;
			files = (
				CEA8818B2DBE22C8E847C7E2 /* Pods_Chatis.framework in Frameworks */,
			);
			runOnlyForDeploymentPostprocessing = 0;
		};
/* End PBXFrameworksBuildPhase section */

/* Begin PBXGroup section */
		412AA116B306C8BB5AB12B7B /* Pods */ = {
			isa = PBXGroup;
			children = (
				D89928916A49AD51E45BFD5E /* Pods-Chatis.debug.xcconfig */,
				01AC06EE5A7D26D40926E57A /* Pods-Chatis.release.xcconfig */,
			);
			path = Pods;
			sourceTree = "<group>";
		};
		D10CD34E2974217E0092ED02 = {
			isa = PBXGroup;
			children = (
				D10CD3592974217E0092ED02 /* Chatis */,
				D10CD3582974217E0092ED02 /* Products */,
				412AA116B306C8BB5AB12B7B /* Pods */,
				D1B5E7203DC4F01C35EF3D1F /* Frameworks */,
			);
			sourceTree = "<group>";
		};
		D10CD3582974217E0092ED02 /* Products */ = {
			isa = PBXGroup;
			children = (
				D10CD3572974217E0092ED02 /* Chatis.app */,
			);
			name = Products;
			sourceTree = "<group>";
		};
		D10CD3592974217E0092ED02 /* Chatis */ = {
			isa = PBXGroup;
			children = (
				D10CD3852975C0D40092ED02 /* GoogleService-Info.plist */,
				D10CD372297422040092ED02 /* Resources */,
				D10CD371297421F60092ED02 /* ViewModels */,
				D10CD370297421ED0092ED02 /* Models */,
				D10CD36F297421E40092ED02 /* Views */,
				D10CD36E297421CE0092ED02 /* Controllers */,
				D10CD3682974217F0092ED02 /* Info.plist */,
			);
			path = Chatis;
			sourceTree = "<group>";
		};
		D10CD36E297421CE0092ED02 /* Controllers */ = {
			isa = PBXGroup;
			children = (
				D10CD35E2974217E0092ED02 /* ConversationsViewController.swift */,
				D10CD38229742B480092ED02 /* Login */,
				D10CD37A297424660092ED02 /* PhotoViewerViewController.swift */,
				D10CD37C2974247A0092ED02 /* VideoPlayerViewController.swift */,
				D10CD37E297424A90092ED02 /* NewConversationViewController.swift */,
				D10CD380297424B70092ED02 /* ProfileViewController.swift */,
			);
			path = Controllers;
			sourceTree = "<group>";
		};
		D10CD36F297421E40092ED02 /* Views */ = {
			isa = PBXGroup;
			children = (
				D10CD373297422290092ED02 /* Storyboards */,
				D10CD3632974217F0092ED02 /* Assets.xcassets */,
			);
			path = Views;
			sourceTree = "<group>";
		};
		D10CD370297421ED0092ED02 /* Models */ = {
			isa = PBXGroup;
			children = (
			);
			path = Models;
			sourceTree = "<group>";
		};
		D10CD371297421F60092ED02 /* ViewModels */ = {
			isa = PBXGroup;
			children = (
			);
			path = ViewModels;
			sourceTree = "<group>";
		};
		D10CD372297422040092ED02 /* Resources */ = {
			isa = PBXGroup;
			children = (
				D10CD35A2974217E0092ED02 /* AppDelegate.swift */,
				D10CD35C2974217E0092ED02 /* SceneDelegate.swift */,
				D10CD3832974397D0092ED02 /* Extensions.swift */,
			);
			path = Resources;
			sourceTree = "<group>";
		};
		D10CD373297422290092ED02 /* Storyboards */ = {
			isa = PBXGroup;
			children = (
				D10CD3602974217E0092ED02 /* Main.storyboard */,
				D10CD3652974217F0092ED02 /* LaunchScreen.storyboard */,
			);
			path = Storyboards;
			sourceTree = "<group>";
		};
		D10CD38229742B480092ED02 /* Login */ = {
			isa = PBXGroup;
			children = (
				D10CD3762974242A0092ED02 /* LoginViewController.swift */,
				D10CD378297424430092ED02 /* RegisterViewController.swift */,
			);
			path = Login;
			sourceTree = "<group>";
		};
		D1B5E7203DC4F01C35EF3D1F /* Frameworks */ = {
			isa = PBXGroup;
			children = (
				08D8C20977E2532A5691BF8B /* Pods_Chatis.framework */,
			);
			name = Frameworks;
			sourceTree = "<group>";
		};
/* End PBXGroup section */

/* Begin PBXNativeTarget section */
		D10CD3562974217E0092ED02 /* Chatis */ = {
			isa = PBXNativeTarget;
			buildConfigurationList = D10CD36B2974217F0092ED02 /* Build configuration list for PBXNativeTarget "Chatis" */;
			buildPhases = (
				E2E2417871310935B1CBDC32 /* [CP] Check Pods Manifest.lock */,
				D10CD3532974217E0092ED02 /* Sources */,
				D10CD3542974217E0092ED02 /* Frameworks */,
				D10CD3552974217E0092ED02 /* Resources */,
				884FE7A0591F565B1DAE8D3B /* [CP] Embed Pods Frameworks */,
			);
			buildRules = (
			);
			dependencies = (
			);
			name = Chatis;
			productName = Chatis;
			productReference = D10CD3572974217E0092ED02 /* Chatis.app */;
			productType = "com.apple.product-type.application";
		};
/* End PBXNativeTarget section */

/* Begin PBXProject section */
		D10CD34F2974217E0092ED02 /* Project object */ = {
			isa = PBXProject;
			attributes = {
				BuildIndependentTargetsInParallel = 1;
				LastSwiftUpdateCheck = 1410;
				LastUpgradeCheck = 1410;
				TargetAttributes = {
					D10CD3562974217E0092ED02 = {
						CreatedOnToolsVersion = 14.1;
					};
				};
			};
			buildConfigurationList = D10CD3522974217E0092ED02 /* Build configuration list for PBXProject "Chatis" */;
			compatibilityVersion = "Xcode 13.0";
			developmentRegion = en;
			hasScannedForEncodings = 0;
			knownRegions = (
				en,
				Base,
			);
			mainGroup = D10CD34E2974217E0092ED02;
			productRefGroup = D10CD3582974217E0092ED02 /* Products */;
			projectDirPath = "";
			projectRoot = "";
			targets = (
				D10CD3562974217E0092ED02 /* Chatis */,
			);
		};
/* End PBXProject section */

/* Begin PBXResourcesBuildPhase section */
		D10CD3552974217E0092ED02 /* Resources */ = {
			isa = PBXResourcesBuildPhase;
			buildActionMask = 2147483647;
			files = (
				D10CD3672974217F0092ED02 /* LaunchScreen.storyboard in Resources */,
				D10CD3862975C0D40092ED02 /* GoogleService-Info.plist in Resources */,
				D10CD3642974217F0092ED02 /* Assets.xcassets in Resources */,
				D10CD3622974217E0092ED02 /* Main.storyboard in Resources */,
			);
			runOnlyForDeploymentPostprocessing = 0;
		};
/* End PBXResourcesBuildPhase section */

/* Begin PBXShellScriptBuildPhase section */
		884FE7A0591F565B1DAE8D3B /* [CP] Embed Pods Frameworks */ = {
			isa = PBXShellScriptBuildPhase;
			buildActionMask = 2147483647;
			files = (
			);
			inputFileListPaths = (
				"${PODS_ROOT}/Target Support Files/Pods-Chatis/Pods-Chatis-frameworks-${CONFIGURATION}-input-files.xcfilelist",
			);
			name = "[CP] Embed Pods Frameworks";
			outputFileListPaths = (
				"${PODS_ROOT}/Target Support Files/Pods-Chatis/Pods-Chatis-frameworks-${CONFIGURATION}-output-files.xcfilelist",
			);
			runOnlyForDeploymentPostprocessing = 0;
			shellPath = /bin/sh;
			shellScript = "\"${PODS_ROOT}/Target Support Files/Pods-Chatis/Pods-Chatis-frameworks.sh\"\n";
			showEnvVarsInLog = 0;
		};
		E2E2417871310935B1CBDC32 /* [CP] Check Pods Manifest.lock */ = {
			isa = PBXShellScriptBuildPhase;
			buildActionMask = 2147483647;
			files = (
			);
			inputFileListPaths = (
			);
			inputPaths = (
				"${PODS_PODFILE_DIR_PATH}/Podfile.lock",
				"${PODS_ROOT}/Manifest.lock",
			);
			name = "[CP] Check Pods Manifest.lock";
			outputFileListPaths = (
			);
			outputPaths = (
				"$(DERIVED_FILE_DIR)/Pods-Chatis-checkManifestLockResult.txt",
			);
			runOnlyForDeploymentPostprocessing = 0;
			shellPath = /bin/sh;
			shellScript = "diff \"${PODS_PODFILE_DIR_PATH}/Podfile.lock\" \"${PODS_ROOT}/Manifest.lock\" > /dev/null\nif [ $? != 0 ] ; then\n    # print error to STDERR\n    echo \"error: The sandbox is not in sync with the Podfile.lock. Run 'pod install' or update your CocoaPods installation.\" >&2\n    exit 1\nfi\n# This output is used by Xcode 'outputs' to avoid re-running this script phase.\necho \"SUCCESS\" > \"${SCRIPT_OUTPUT_FILE_0}\"\n";
			showEnvVarsInLog = 0;
		};
/* End PBXShellScriptBuildPhase section */

/* Begin PBXSourcesBuildPhase section */
		D10CD3532974217E0092ED02 /* Sources */ = {
			isa = PBXSourcesBuildPhase;
			buildActionMask = 2147483647;
			files = (
				D10CD3772974242A0092ED02 /* LoginViewController.swift in Sources */,
				D10CD379297424430092ED02 /* RegisterViewController.swift in Sources */,
				D10CD37F297424A90092ED02 /* NewConversationViewController.swift in Sources */,
				D10CD35F2974217E0092ED02 /* ConversationsViewController.swift in Sources */,
				D10CD37D2974247A0092ED02 /* VideoPlayerViewController.swift in Sources */,
				D10CD3842974397D0092ED02 /* Extensions.swift in Sources */,
				D10CD35B2974217E0092ED02 /* AppDelegate.swift in Sources */,
				D10CD381297424B70092ED02 /* ProfileViewController.swift in Sources */,
				D10CD35D2974217E0092ED02 /* SceneDelegate.swift in Sources */,
				D10CD37B297424660092ED02 /* PhotoViewerViewController.swift in Sources */,
			);
			runOnlyForDeploymentPostprocessing = 0;
		};
/* End PBXSourcesBuildPhase section */

/* Begin PBXVariantGroup section */
		D10CD3602974217E0092ED02 /* Main.storyboard */ = {
			isa = PBXVariantGroup;
			children = (
				D10CD3612974217E0092ED02 /* Base */,
			);
			name = Main.storyboard;
			sourceTree = "<group>";
		};
		D10CD3652974217F0092ED02 /* LaunchScreen.storyboard */ = {
			isa = PBXVariantGroup;
			children = (
				D10CD3662974217F0092ED02 /* Base */,
			);
			name = LaunchScreen.storyboard;
			sourceTree = "<group>";
		};
/* End PBXVariantGroup section */

/* Begin XCBuildConfiguration section */
		D10CD3692974217F0092ED02 /* Debug */ = {
			isa = XCBuildConfiguration;
			buildSettings = {
				ALWAYS_SEARCH_USER_PATHS = NO;
				CLANG_ANALYZER_NONNULL = YES;
				CLANG_ANALYZER_NUMBER_OBJECT_CONVERSION = YES_AGGRESSIVE;
				CLANG_CXX_LANGUAGE_STANDARD = "gnu++20";
				CLANG_ENABLE_MODULES = YES;
				CLANG_ENABLE_OBJC_ARC = YES;
				CLANG_ENABLE_OBJC_WEAK = YES;
				CLANG_WARN_BLOCK_CAPTURE_AUTORELEASING = YES;
				CLANG_WARN_BOOL_CONVERSION = YES;
				CLANG_WARN_COMMA = YES;
				CLANG_WARN_CONSTANT_CONVERSION = YES;
				CLANG_WARN_DEPRECATED_OBJC_IMPLEMENTATIONS = YES;
				CLANG_WARN_DIRECT_OBJC_ISA_USAGE = YES_ERROR;
				CLANG_WARN_DOCUMENTATION_COMMENTS = YES;
				CLANG_WARN_EMPTY_BODY = YES;
				CLANG_WARN_ENUM_CONVERSION = YES;
				CLANG_WARN_INFINITE_RECURSION = YES;
				CLANG_WARN_INT_CONVERSION = YES;
				CLANG_WARN_NON_LITERAL_NULL_CONVERSION = YES;
				CLANG_WARN_OBJC_IMPLICIT_RETAIN_SELF = YES;
				CLANG_WARN_OBJC_LITERAL_CONVERSION = YES;
				CLANG_WARN_OBJC_ROOT_CLASS = YES_ERROR;
				CLANG_WARN_QUOTED_INCLUDE_IN_FRAMEWORK_HEADER = YES;
				CLANG_WARN_RANGE_LOOP_ANALYSIS = YES;
				CLANG_WARN_STRICT_PROTOTYPES = YES;
				CLANG_WARN_SUSPICIOUS_MOVE = YES;
				CLANG_WARN_UNGUARDED_AVAILABILITY = YES_AGGRESSIVE;
				CLANG_WARN_UNREACHABLE_CODE = YES;
				CLANG_WARN__DUPLICATE_METHOD_MATCH = YES;
				COPY_PHASE_STRIP = NO;
				DEBUG_INFORMATION_FORMAT = dwarf;
				ENABLE_STRICT_OBJC_MSGSEND = YES;
				ENABLE_TESTABILITY = YES;
				GCC_C_LANGUAGE_STANDARD = gnu11;
				GCC_DYNAMIC_NO_PIC = NO;
				GCC_NO_COMMON_BLOCKS = YES;
				GCC_OPTIMIZATION_LEVEL = 0;
				GCC_PREPROCESSOR_DEFINITIONS = (
					"DEBUG=1",
					"$(inherited)",
				);
				GCC_WARN_64_TO_32_BIT_CONVERSION = YES;
				GCC_WARN_ABOUT_RETURN_TYPE = YES_ERROR;
				GCC_WARN_UNDECLARED_SELECTOR = YES;
				GCC_WARN_UNINITIALIZED_AUTOS = YES_AGGRESSIVE;
				GCC_WARN_UNUSED_FUNCTION = YES;
				GCC_WARN_UNUSED_VARIABLE = YES;
				IPHONEOS_DEPLOYMENT_TARGET = 16.1;
				MTL_ENABLE_DEBUG_INFO = INCLUDE_SOURCE;
				MTL_FAST_MATH = YES;
				ONLY_ACTIVE_ARCH = YES;
				SDKROOT = iphoneos;
				SWIFT_ACTIVE_COMPILATION_CONDITIONS = DEBUG;
				SWIFT_OPTIMIZATION_LEVEL = "-Onone";
			};
			name = Debug;
		};
		D10CD36A2974217F0092ED02 /* Release */ = {
			isa = XCBuildConfiguration;
			buildSettings = {
				ALWAYS_SEARCH_USER_PATHS = NO;
				CLANG_ANALYZER_NONNULL = YES;
				CLANG_ANALYZER_NUMBER_OBJECT_CONVERSION = YES_AGGRESSIVE;
				CLANG_CXX_LANGUAGE_STANDARD = "gnu++20";
				CLANG_ENABLE_MODULES = YES;
				CLANG_ENABLE_OBJC_ARC = YES;
				CLANG_ENABLE_OBJC_WEAK = YES;
				CLANG_WARN_BLOCK_CAPTURE_AUTORELEASING = YES;
				CLANG_WARN_BOOL_CONVERSION = YES;
				CLANG_WARN_COMMA = YES;
				CLANG_WARN_CONSTANT_CONVERSION = YES;
				CLANG_WARN_DEPRECATED_OBJC_IMPLEMENTATIONS = YES;
				CLANG_WARN_DIRECT_OBJC_ISA_USAGE = YES_ERROR;
				CLANG_WARN_DOCUMENTATION_COMMENTS = YES;
				CLANG_WARN_EMPTY_BODY = YES;
				CLANG_WARN_ENUM_CONVERSION = YES;
				CLANG_WARN_INFINITE_RECURSION = YES;
				CLANG_WARN_INT_CONVERSION = YES;
				CLANG_WARN_NON_LITERAL_NULL_CONVERSION = YES;
				CLANG_WARN_OBJC_IMPLICIT_RETAIN_SELF = YES;
				CLANG_WARN_OBJC_LITERAL_CONVERSION = YES;
				CLANG_WARN_OBJC_ROOT_CLASS = YES_ERROR;
				CLANG_WARN_QUOTED_INCLUDE_IN_FRAMEWORK_HEADER = YES;
				CLANG_WARN_RANGE_LOOP_ANALYSIS = YES;
				CLANG_WARN_STRICT_PROTOTYPES = YES;
				CLANG_WARN_SUSPICIOUS_MOVE = YES;
				CLANG_WARN_UNGUARDED_AVAILABILITY = YES_AGGRESSIVE;
				CLANG_WARN_UNREACHABLE_CODE = YES;
				CLANG_WARN__DUPLICATE_METHOD_MATCH = YES;
				COPY_PHASE_STRIP = NO;
				DEBUG_INFORMATION_FORMAT = "dwarf-with-dsym";
				ENABLE_NS_ASSERTIONS = NO;
				ENABLE_STRICT_OBJC_MSGSEND = YES;
				GCC_C_LANGUAGE_STANDARD = gnu11;
				GCC_NO_COMMON_BLOCKS = YES;
				GCC_WARN_64_TO_32_BIT_CONVERSION = YES;
				GCC_WARN_ABOUT_RETURN_TYPE = YES_ERROR;
				GCC_WARN_UNDECLARED_SELECTOR = YES;
				GCC_WARN_UNINITIALIZED_AUTOS = YES_AGGRESSIVE;
				GCC_WARN_UNUSED_FUNCTION = YES;
				GCC_WARN_UNUSED_VARIABLE = YES;
				IPHONEOS_DEPLOYMENT_TARGET = 16.1;
				MTL_ENABLE_DEBUG_INFO = NO;
				MTL_FAST_MATH = YES;
				SDKROOT = iphoneos;
				SWIFT_COMPILATION_MODE = wholemodule;
				SWIFT_OPTIMIZATION_LEVEL = "-O";
				VALIDATE_PRODUCT = YES;
			};
			name = Release;
		};
		D10CD36C2974217F0092ED02 /* Debug */ = {
			isa = XCBuildConfiguration;
			baseConfigurationReference = D89928916A49AD51E45BFD5E /* Pods-Chatis.debug.xcconfig */;
			buildSettings = {
				ASSETCATALOG_COMPILER_APPICON_NAME = AppIcon;
				ASSETCATALOG_COMPILER_GLOBAL_ACCENT_COLOR_NAME = AccentColor;
				CODE_SIGN_STYLE = Automatic;
				CURRENT_PROJECT_VERSION = 1;
				DEVELOPMENT_TEAM = 3G5W52F66Y;
				GENERATE_INFOPLIST_FILE = YES;
				INFOPLIST_FILE = Chatis/Info.plist;
				INFOPLIST_KEY_UIApplicationSupportsIndirectInputEvents = YES;
				INFOPLIST_KEY_UILaunchStoryboardName = LaunchScreen;
				INFOPLIST_KEY_UIMainStoryboardFile = Main;
				INFOPLIST_KEY_UISupportedInterfaceOrientations = UIInterfaceOrientationPortrait;
				LD_RUNPATH_SEARCH_PATHS = (
					"$(inherited)",
					"@executable_path/Frameworks",
				);
				MARKETING_VERSION = 1.0;
				PRODUCT_BUNDLE_IDENTIFIER = "Vlad-Varsockiy.Chatis";
				PRODUCT_NAME = "$(TARGET_NAME)";
				SWIFT_EMIT_LOC_STRINGS = YES;
				SWIFT_VERSION = 5.0;
				TARGETED_DEVICE_FAMILY = "1,2";
			};
			name = Debug;
		};
		D10CD36D2974217F0092ED02 /* Release */ = {
			isa = XCBuildConfiguration;
			baseConfigurationReference = 01AC06EE5A7D26D40926E57A /* Pods-Chatis.release.xcconfig */;
			buildSettings = {
				ASSETCATALOG_COMPILER_APPICON_NAME = AppIcon;
				ASSETCATALOG_COMPILER_GLOBAL_ACCENT_COLOR_NAME = AccentColor;
				CODE_SIGN_STYLE = Automatic;
				CURRENT_PROJECT_VERSION = 1;
				DEVELOPMENT_TEAM = 3G5W52F66Y;
				GENERATE_INFOPLIST_FILE = YES;
				INFOPLIST_FILE = Chatis/Info.plist;
				INFOPLIST_KEY_UIApplicationSupportsIndirectInputEvents = YES;
				INFOPLIST_KEY_UILaunchStoryboardName = LaunchScreen;
				INFOPLIST_KEY_UIMainStoryboardFile = Main;
				INFOPLIST_KEY_UISupportedInterfaceOrientations = UIInterfaceOrientationPortrait;
				LD_RUNPATH_SEARCH_PATHS = (
					"$(inherited)",
					"@executable_path/Frameworks",
				);
				MARKETING_VERSION = 1.0;
				PRODUCT_BUNDLE_IDENTIFIER = "Vlad-Varsockiy.Chatis";
				PRODUCT_NAME = "$(TARGET_NAME)";
				SWIFT_EMIT_LOC_STRINGS = YES;
				SWIFT_VERSION = 5.0;
				TARGETED_DEVICE_FAMILY = "1,2";
			};
			name = Release;
		};
/* End XCBuildConfiguration section */

/* Begin XCConfigurationList section */
		D10CD3522974217E0092ED02 /* Build configuration list for PBXProject "Chatis" */ = {
			isa = XCConfigurationList;
			buildConfigurations = (
				D10CD3692974217F0092ED02 /* Debug */,
				D10CD36A2974217F0092ED02 /* Release */,
			);
			defaultConfigurationIsVisible = 0;
			defaultConfigurationName = Release;
		};
		D10CD36B2974217F0092ED02 /* Build configuration list for PBXNativeTarget "Chatis" */ = {
			isa = XCConfigurationList;
			buildConfigurations = (
				D10CD36C2974217F0092ED02 /* Debug */,
				D10CD36D2974217F0092ED02 /* Release */,
			);
			defaultConfigurationIsVisible = 0;
			defaultConfigurationName = Release;
		};
/* End XCConfigurationList section */
	};
	rootObject = D10CD34F2974217E0092ED02 /* Project object */;
}
